// !$*UTF8*$!
{
	archiveVersion = 1;
	classes = {
	};
	objectVersion = 56;
	objects = {

/* Begin PBXBuildFile section */
		6D83754929C1B50200D5D1AD /* ClockApp.swift in Sources */ = {isa = PBXBuildFile; fileRef = 6D83754829C1B50200D5D1AD /* ClockApp.swift */; };
		6D83754B29C1B50200D5D1AD /* ContentView.swift in Sources */ = {isa = PBXBuildFile; fileRef = 6D83754A29C1B50200D5D1AD /* ContentView.swift */; };
		6D83754D29C1B50500D5D1AD /* Assets.xcassets in Resources */ = {isa = PBXBuildFile; fileRef = 6D83754C29C1B50500D5D1AD /* Assets.xcassets */; };
		6D83755029C1B50500D5D1AD /* Preview Assets.xcassets in Resources */ = {isa = PBXBuildFile; fileRef = 6D83754F29C1B50500D5D1AD /* Preview Assets.xcassets */; };
		6D83755229C1B50500D5D1AD /* Persistence.swift in Sources */ = {isa = PBXBuildFile; fileRef = 6D83755129C1B50500D5D1AD /* Persistence.swift */; };
		6D83755529C1B50500D5D1AD /* Clock.xcdatamodeld in Sources */ = {isa = PBXBuildFile; fileRef = 6D83755329C1B50500D5D1AD /* Clock.xcdatamodeld */; };
		6D83755F29C1B50500D5D1AD /* ClockTests.swift in Sources */ = {isa = PBXBuildFile; fileRef = 6D83755E29C1B50500D5D1AD /* ClockTests.swift */; };
		6D83756929C1B50500D5D1AD /* ClockUITests.swift in Sources */ = {isa = PBXBuildFile; fileRef = 6D83756829C1B50500D5D1AD /* ClockUITests.swift */; };
		6D83756B29C1B50500D5D1AD /* ClockUITestsLaunchTests.swift in Sources */ = {isa = PBXBuildFile; fileRef = 6D83756A29C1B50500D5D1AD /* ClockUITestsLaunchTests.swift */; };
/* End PBXBuildFile section */

/* Begin PBXContainerItemProxy section */
		6D83755B29C1B50500D5D1AD /* PBXContainerItemProxy */ = {
			isa = PBXContainerItemProxy;
			containerPortal = 6D83753D29C1B50200D5D1AD /* Project object */;
			proxyType = 1;
			remoteGlobalIDString = 6D83754429C1B50200D5D1AD;
			remoteInfo = Clock;
		};
		6D83756529C1B50500D5D1AD /* PBXContainerItemProxy */ = {
			isa = PBXContainerItemProxy;
			containerPortal = 6D83753D29C1B50200D5D1AD /* Project object */;
			proxyType = 1;
			remoteGlobalIDString = 6D83754429C1B50200D5D1AD;
			remoteInfo = Clock;
		};
/* End PBXContainerItemProxy section */

/* Begin PBXFileReference section */
		6D83754529C1B50200D5D1AD /* Clock.app */ = {isa = PBXFileReference; explicitFileType = wrapper.application; includeInIndex = 0; path = Clock.app; sourceTree = BUILT_PRODUCTS_DIR; };
		6D83754829C1B50200D5D1AD /* ClockApp.swift */ = {isa = PBXFileReference; lastKnownFileType = sourcecode.swift; path = ClockApp.swift; sourceTree = "<group>"; };
		6D83754A29C1B50200D5D1AD /* ContentView.swift */ = {isa = PBXFileReference; lastKnownFileType = sourcecode.swift; path = ContentView.swift; sourceTree = "<group>"; };
		6D83754C29C1B50500D5D1AD /* Assets.xcassets */ = {isa = PBXFileReference; lastKnownFileType = folder.assetcatalog; path = Assets.xcassets; sourceTree = "<group>"; };
		6D83754F29C1B50500D5D1AD /* Preview Assets.xcassets */ = {isa = PBXFileReference; lastKnownFileType = folder.assetcatalog; path = "Preview Assets.xcassets"; sourceTree = "<group>"; };
		6D83755129C1B50500D5D1AD /* Persistence.swift */ = {isa = PBXFileReference; lastKnownFileType = sourcecode.swift; path = Persistence.swift; sourceTree = "<group>"; };
		6D83755429C1B50500D5D1AD /* Clock.xcdatamodel */ = {isa = PBXFileReference; lastKnownFileType = wrapper.xcdatamodel; path = Clock.xcdatamodel; sourceTree = "<group>"; };
		6D83755A29C1B50500D5D1AD /* ClockTests.xctest */ = {isa = PBXFileReference; explicitFileType = wrapper.cfbundle; includeInIndex = 0; path = ClockTests.xctest; sourceTree = BUILT_PRODUCTS_DIR; };
		6D83755E29C1B50500D5D1AD /* ClockTests.swift */ = {isa = PBXFileReference; lastKnownFileType = sourcecode.swift; path = ClockTests.swift; sourceTree = "<group>"; };
		6D83756429C1B50500D5D1AD /* ClockUITests.xctest */ = {isa = PBXFileReference; explicitFileType = wrapper.cfbundle; includeInIndex = 0; path = ClockUITests.xctest; sourceTree = BUILT_PRODUCTS_DIR; };
		6D83756829C1B50500D5D1AD /* ClockUITests.swift */ = {isa = PBXFileReference; lastKnownFileType = sourcecode.swift; path = ClockUITests.swift; sourceTree = "<group>"; };
		6D83756A29C1B50500D5D1AD /* ClockUITestsLaunchTests.swift */ = {isa = PBXFileReference; lastKnownFileType = sourcecode.swift; path = ClockUITestsLaunchTests.swift; sourceTree = "<group>"; };
/* End PBXFileReference section */

/* Begin PBXFrameworksBuildPhase section */
		6D83754229C1B50200D5D1AD /* Frameworks */ = {
			isa = PBXFrameworksBuildPhase;
			buildActionMask = 2147483647;
			files = (
			);
			runOnlyForDeploymentPostprocessing = 0;
		};
		6D83755729C1B50500D5D1AD /* Frameworks */ = {
			isa = PBXFrameworksBuildPhase;
			buildActionMask = 2147483647;
			files = (
			);
			runOnlyForDeploymentPostprocessing = 0;
		};
		6D83756129C1B50500D5D1AD /* Frameworks */ = {
			isa = PBXFrameworksBuildPhase;
			buildActionMask = 2147483647;
			files = (
			);
			runOnlyForDeploymentPostprocessing = 0;
		};
/* End PBXFrameworksBuildPhase section */

/* Begin PBXGroup section */
		6D83753C29C1B50200D5D1AD = {
			isa = PBXGroup;
			children = (
				6D83754729C1B50200D5D1AD /* Clock */,
				6D83755D29C1B50500D5D1AD /* ClockTests */,
				6D83756729C1B50500D5D1AD /* ClockUITests */,
				6D83754629C1B50200D5D1AD /* Products */,
			);
			sourceTree = "<group>";
		};
		6D83754629C1B50200D5D1AD /* Products */ = {
			isa = PBXGroup;
			children = (
				6D83754529C1B50200D5D1AD /* Clock.app */,
				6D83755A29C1B50500D5D1AD /* ClockTests.xctest */,
				6D83756429C1B50500D5D1AD /* ClockUITests.xctest */,
			);
			name = Products;
			sourceTree = "<group>";
		};
		6D83754729C1B50200D5D1AD /* Clock */ = {
			isa = PBXGroup;
			children = (
				6D83754829C1B50200D5D1AD /* ClockApp.swift */,
				6D83754A29C1B50200D5D1AD /* ContentView.swift */,
				6D83754C29C1B50500D5D1AD /* Assets.xcassets */,
				6D83755129C1B50500D5D1AD /* Persistence.swift */,
				6D83755329C1B50500D5D1AD /* Clock.xcdatamodeld */,
				6D83754E29C1B50500D5D1AD /* Preview Content */,
			);
			path = Clock;
			sourceTree = "<group>";
		};
		6D83754E29C1B50500D5D1AD /* Preview Content */ = {
			isa = PBXGroup;
			children = (
				6D83754F29C1B50500D5D1AD /* Preview Assets.xcassets */,
			);
			path = "Preview Content";
			sourceTree = "<group>";
		};
		6D83755D29C1B50500D5D1AD /* ClockTests */ = {
			isa = PBXGroup;
			children = (
				6D83755E29C1B50500D5D1AD /* ClockTests.swift */,
			);
			path = ClockTests;
			sourceTree = "<group>";
		};
		6D83756729C1B50500D5D1AD /* ClockUITests */ = {
			isa = PBXGroup;
			children = (
				6D83756829C1B50500D5D1AD /* ClockUITests.swift */,
				6D83756A29C1B50500D5D1AD /* ClockUITestsLaunchTests.swift */,
			);
			path = ClockUITests;
			sourceTree = "<group>";
		};
/* End PBXGroup section */

/* Begin PBXNativeTarget section */
		6D83754429C1B50200D5D1AD /* Clock */ = {
			isa = PBXNativeTarget;
			buildConfigurationList = 6D83756E29C1B50500D5D1AD /* Build configuration list for PBXNativeTarget "Clock" */;
			buildPhases = (
				6D83754129C1B50200D5D1AD /* Sources */,
				6D83754229C1B50200D5D1AD /* Frameworks */,
				6D83754329C1B50200D5D1AD /* Resources */,
			);
			buildRules = (
			);
			dependencies = (
			);
			name = Clock;
			productName = Clock;
			productReference = 6D83754529C1B50200D5D1AD /* Clock.app */;
			productType = "com.apple.product-type.application";
		};
		6D83755929C1B50500D5D1AD /* ClockTests */ = {
			isa = PBXNativeTarget;
			buildConfigurationList = 6D83757129C1B50500D5D1AD /* Build configuration list for PBXNativeTarget "ClockTests" */;
			buildPhases = (
				6D83755629C1B50500D5D1AD /* Sources */,
				6D83755729C1B50500D5D1AD /* Frameworks */,
				6D83755829C1B50500D5D1AD /* Resources */,
			);
			buildRules = (
			);
			dependencies = (
				6D83755C29C1B50500D5D1AD /* PBXTargetDependency */,
			);
			name = ClockTests;
			productName = ClockTests;
			productReference = 6D83755A29C1B50500D5D1AD /* ClockTests.xctest */;
			productType = "com.apple.product-type.bundle.unit-test";
		};
		6D83756329C1B50500D5D1AD /* ClockUITests */ = {
			isa = PBXNativeTarget;
			buildConfigurationList = 6D83757429C1B50500D5D1AD /* Build configuration list for PBXNativeTarget "ClockUITests" */;
			buildPhases = (
				6D83756029C1B50500D5D1AD /* Sources */,
				6D83756129C1B50500D5D1AD /* Frameworks */,
				6D83756229C1B50500D5D1AD /* Resources */,
			);
			buildRules = (
			);
			dependencies = (
				6D83756629C1B50500D5D1AD /* PBXTargetDependency */,
			);
			name = ClockUITests;
			productName = ClockUITests;
			productReference = 6D83756429C1B50500D5D1AD /* ClockUITests.xctest */;
			productType = "com.apple.product-type.bundle.ui-testing";
		};
/* End PBXNativeTarget section */

/* Begin PBXProject section */
		6D83753D29C1B50200D5D1AD /* Project object */ = {
			isa = PBXProject;
			attributes = {
				BuildIndependentTargetsInParallel = 1;
				LastSwiftUpdateCheck = 1420;
				LastUpgradeCheck = 1420;
				TargetAttributes = {
					6D83754429C1B50200D5D1AD = {
						CreatedOnToolsVersion = 14.2;
					};
					6D83755929C1B50500D5D1AD = {
						CreatedOnToolsVersion = 14.2;
						TestTargetID = 6D83754429C1B50200D5D1AD;
					};
					6D83756329C1B50500D5D1AD = {
						CreatedOnToolsVersion = 14.2;
						TestTargetID = 6D83754429C1B50200D5D1AD;
					};
				};
			};
			buildConfigurationList = 6D83754029C1B50200D5D1AD /* Build configuration list for PBXProject "Clock" */;
			compatibilityVersion = "Xcode 14.0";
			developmentRegion = en;
			hasScannedForEncodings = 0;
			knownRegions = (
				en,
				Base,
			);
			mainGroup = 6D83753C29C1B50200D5D1AD;
			productRefGroup = 6D83754629C1B50200D5D1AD /* Products */;
			projectDirPath = "";
			projectRoot = "";
			targets = (
				6D83754429C1B50200D5D1AD /* Clock */,
				6D83755929C1B50500D5D1AD /* ClockTests */,
				6D83756329C1B50500D5D1AD /* ClockUITests */,
			);
		};
/* End PBXProject section */

/* Begin PBXResourcesBuildPhase section */
		6D83754329C1B50200D5D1AD /* Resources */ = {
			isa = PBXResourcesBuildPhase;
			buildActionMask = 2147483647;
			files = (
				6D83755029C1B50500D5D1AD /* Preview Assets.xcassets in Resources */,
				6D83754D29C1B50500D5D1AD /* Assets.xcassets in Resources */,
			);
			runOnlyForDeploymentPostprocessing = 0;
		};
		6D83755829C1B50500D5D1AD /* Resources */ = {
			isa = PBXResourcesBuildPhase;
			buildActionMask = 2147483647;
			files = (
			);
			runOnlyForDeploymentPostprocessing = 0;
		};
		6D83756229C1B50500D5D1AD /* Resources */ = {
			isa = PBXResourcesBuildPhase;
			buildActionMask = 2147483647;
			files = (
			);
			runOnlyForDeploymentPostprocessing = 0;
		};
/* End PBXResourcesBuildPhase section */

/* Begin PBXSourcesBuildPhase section */
		6D83754129C1B50200D5D1AD /* Sources */ = {
			isa = PBXSourcesBuildPhase;
			buildActionMask = 2147483647;
			files = (
				6D83755229C1B50500D5D1AD /* Persistence.swift in Sources */,
				6D83754B29C1B50200D5D1AD /* ContentView.swift in Sources */,
				6D83755529C1B50500D5D1AD /* Clock.xcdatamodeld in Sources */,
				6D83754929C1B50200D5D1AD /* ClockApp.swift in Sources */,
			);
			runOnlyForDeploymentPostprocessing = 0;
		};
		6D83755629C1B50500D5D1AD /* Sources */ = {
			isa = PBXSourcesBuildPhase;
			buildActionMask = 2147483647;
			files = (
				6D83755F29C1B50500D5D1AD /* ClockTests.swift in Sources */,
			);
			runOnlyForDeploymentPostprocessing = 0;
		};
		6D83756029C1B50500D5D1AD /* Sources */ = {
			isa = PBXSourcesBuildPhase;
			buildActionMask = 2147483647;
			files = (
				6D83756929C1B50500D5D1AD /* ClockUITests.swift in Sources */,
				6D83756B29C1B50500D5D1AD /* ClockUITestsLaunchTests.swift in Sources */,
			);
			runOnlyForDeploymentPostprocessing = 0;
		};
/* End PBXSourcesBuildPhase section */

/* Begin PBXTargetDependency section */
		6D83755C29C1B50500D5D1AD /* PBXTargetDependency */ = {
			isa = PBXTargetDependency;
			target = 6D83754429C1B50200D5D1AD /* Clock */;
			targetProxy = 6D83755B29C1B50500D5D1AD /* PBXContainerItemProxy */;
		};
		6D83756629C1B50500D5D1AD /* PBXTargetDependency */ = {
			isa = PBXTargetDependency;
			target = 6D83754429C1B50200D5D1AD /* Clock */;
			targetProxy = 6D83756529C1B50500D5D1AD /* PBXContainerItemProxy */;
		};
/* End PBXTargetDependency section */

/* Begin XCBuildConfiguration section */
		6D83756C29C1B50500D5D1AD /* Debug */ = {
			isa = XCBuildConfiguration;
			buildSettings = {
				ALWAYS_SEARCH_USER_PATHS = NO;
				CLANG_ANALYZER_NONNULL = YES;
				CLANG_ANALYZER_NUMBER_OBJECT_CONVERSION = YES_AGGRESSIVE;
				CLANG_CXX_LANGUAGE_STANDARD = "gnu++20";
				CLANG_ENABLE_MODULES = YES;
				CLANG_ENABLE_OBJC_ARC = YES;
				CLANG_ENABLE_OBJC_WEAK = YES;
				CLANG_WARN_BLOCK_CAPTURE_AUTORELEASING = YES;
				CLANG_WARN_BOOL_CONVERSION = YES;
				CLANG_WARN_COMMA = YES;
				CLANG_WARN_CONSTANT_CONVERSION = YES;
				CLANG_WARN_DEPRECATED_OBJC_IMPLEMENTATIONS = YES;
				CLANG_WARN_DIRECT_OBJC_ISA_USAGE = YES_ERROR;
				CLANG_WARN_DOCUMENTATION_COMMENTS = YES;
				CLANG_WARN_EMPTY_BODY = YES;
				CLANG_WARN_ENUM_CONVERSION = YES;
				CLANG_WARN_INFINITE_RECURSION = YES;
				CLANG_WARN_INT_CONVERSION = YES;
				CLANG_WARN_NON_LITERAL_NULL_CONVERSION = YES;
				CLANG_WARN_OBJC_IMPLICIT_RETAIN_SELF = YES;
				CLANG_WARN_OBJC_LITERAL_CONVERSION = YES;
				CLANG_WARN_OBJC_ROOT_CLASS = YES_ERROR;
				CLANG_WARN_QUOTED_INCLUDE_IN_FRAMEWORK_HEADER = YES;
				CLANG_WARN_RANGE_LOOP_ANALYSIS = YES;
				CLANG_WARN_STRICT_PROTOTYPES = YES;
				CLANG_WARN_SUSPICIOUS_MOVE = YES;
				CLANG_WARN_UNGUARDED_AVAILABILITY = YES_AGGRESSIVE;
				CLANG_WARN_UNREACHABLE_CODE = YES;
				CLANG_WARN__DUPLICATE_METHOD_MATCH = YES;
				COPY_PHASE_STRIP = NO;
				DEBUG_INFORMATION_FORMAT = dwarf;
				ENABLE_STRICT_OBJC_MSGSEND = YES;
				ENABLE_TESTABILITY = YES;
				GCC_C_LANGUAGE_STANDARD = gnu11;
				GCC_DYNAMIC_NO_PIC = NO;
				GCC_NO_COMMON_BLOCKS = YES;
				GCC_OPTIMIZATION_LEVEL = 0;
				GCC_PREPROCESSOR_DEFINITIONS = (
					"DEBUG=1",
					"$(inherited)",
				);
				GCC_WARN_64_TO_32_BIT_CONVERSION = YES;
				GCC_WARN_ABOUT_RETURN_TYPE = YES_ERROR;
				GCC_WARN_UNDECLARED_SELECTOR = YES;
				GCC_WARN_UNINITIALIZED_AUTOS = YES_AGGRESSIVE;
				GCC_WARN_UNUSED_FUNCTION = YES;
				GCC_WARN_UNUSED_VARIABLE = YES;
				IPHONEOS_DEPLOYMENT_TARGET = 16.2;
				MTL_ENABLE_DEBUG_INFO = INCLUDE_SOURCE;
				MTL_FAST_MATH = YES;
				ONLY_ACTIVE_ARCH = YES;
				SDKROOT = iphoneos;
				SWIFT_ACTIVE_COMPILATION_CONDITIONS = DEBUG;
				SWIFT_OPTIMIZATION_LEVEL = "-Onone";
			};
			name = Debug;
		};
		6D83756D29C1B50500D5D1AD /* Release */ = {
			isa = XCBuildConfiguration;
			buildSettings = {
				ALWAYS_SEARCH_USER_PATHS = NO;
				CLANG_ANALYZER_NONNULL = YES;
				CLANG_ANALYZER_NUMBER_OBJECT_CONVERSION = YES_AGGRESSIVE;
				CLANG_CXX_LANGUAGE_STANDARD = "gnu++20";
				CLANG_ENABLE_MODULES = YES;
				CLANG_ENABLE_OBJC_ARC = YES;
				CLANG_ENABLE_OBJC_WEAK = YES;
				CLANG_WARN_BLOCK_CAPTURE_AUTORELEASING = YES;
				CLANG_WARN_BOOL_CONVERSION = YES;
				CLANG_WARN_COMMA = YES;
				CLANG_WARN_CONSTANT_CONVERSION = YES;
				CLANG_WARN_DEPRECATED_OBJC_IMPLEMENTATIONS = YES;
				CLANG_WARN_DIRECT_OBJC_ISA_USAGE = YES_ERROR;
				CLANG_WARN_DOCUMENTATION_COMMENTS = YES;
				CLANG_WARN_EMPTY_BODY = YES;
				CLANG_WARN_ENUM_CONVERSION = YES;
				CLANG_WARN_INFINITE_RECURSION = YES;
				CLANG_WARN_INT_CONVERSION = YES;
				CLANG_WARN_NON_LITERAL_NULL_CONVERSION = YES;
				CLANG_WARN_OBJC_IMPLICIT_RETAIN_SELF = YES;
				CLANG_WARN_OBJC_LITERAL_CONVERSION = YES;
				CLANG_WARN_OBJC_ROOT_CLASS = YES_ERROR;
				CLANG_WARN_QUOTED_INCLUDE_IN_FRAMEWORK_HEADER = YES;
				CLANG_WARN_RANGE_LOOP_ANALYSIS = YES;
				CLANG_WARN_STRICT_PROTOTYPES = YES;
				CLANG_WARN_SUSPICIOUS_MOVE = YES;
				CLANG_WARN_UNGUARDED_AVAILABILITY = YES_AGGRESSIVE;
				CLANG_WARN_UNREACHABLE_CODE = YES;
				CLANG_WARN__DUPLICATE_METHOD_MATCH = YES;
				COPY_PHASE_STRIP = NO;
				DEBUG_INFORMATION_FORMAT = "dwarf-with-dsym";
				ENABLE_NS_ASSERTIONS = NO;
				ENABLE_STRICT_OBJC_MSGSEND = YES;
				GCC_C_LANGUAGE_STANDARD = gnu11;
				GCC_NO_COMMON_BLOCKS = YES;
				GCC_WARN_64_TO_32_BIT_CONVERSION = YES;
				GCC_WARN_ABOUT_RETURN_TYPE = YES_ERROR;
				GCC_WARN_UNDECLARED_SELECTOR = YES;
				GCC_WARN_UNINITIALIZED_AUTOS = YES_AGGRESSIVE;
				GCC_WARN_UNUSED_FUNCTION = YES;
				GCC_WARN_UNUSED_VARIABLE = YES;
				IPHONEOS_DEPLOYMENT_TARGET = 16.2;
				MTL_ENABLE_DEBUG_INFO = NO;
				MTL_FAST_MATH = YES;
				SDKROOT = iphoneos;
				SWIFT_COMPILATION_MODE = wholemodule;
				SWIFT_OPTIMIZATION_LEVEL = "-O";
				VALIDATE_PRODUCT = YES;
			};
			name = Release;
		};
		6D83756F29C1B50500D5D1AD /* Debug */ = {
			isa = XCBuildConfiguration;
			buildSettings = {
				ASSETCATALOG_COMPILER_APPICON_NAME = AppIcon;
				ASSETCATALOG_COMPILER_GLOBAL_ACCENT_COLOR_NAME = AccentColor;
				CODE_SIGN_STYLE = Automatic;
				CURRENT_PROJECT_VERSION = 1;
				DEVELOPMENT_ASSET_PATHS = "\"Clock/Preview Content\"";
				DEVELOPMENT_TEAM = WE75VTX439;
				ENABLE_PREVIEWS = YES;
				GENERATE_INFOPLIST_FILE = YES;
				INFOPLIST_KEY_UIApplicationSceneManifest_Generation = YES;
				INFOPLIST_KEY_UIApplicationSupportsIndirectInputEvents = YES;
				INFOPLIST_KEY_UILaunchScreen_Generation = YES;
				INFOPLIST_KEY_UISupportedInterfaceOrientations_iPad = "UIInterfaceOrientationPortrait UIInterfaceOrientationPortraitUpsideDown UIInterfaceOrientationLandscapeLeft UIInterfaceOrientationLandscapeRight";
				INFOPLIST_KEY_UISupportedInterfaceOrientations_iPhone = "UIInterfaceOrientationPortrait UIInterfaceOrientationLandscapeLeft UIInterfaceOrientationLandscapeRight";
				LD_RUNPATH_SEARCH_PATHS = (
					"$(inherited)",
					"@executable_path/Frameworks",
				);
				MARKETING_VERSION = 1.0;
				PRODUCT_BUNDLE_IDENTIFIER = jp.tkhr.Clock;
				PRODUCT_NAME = "$(TARGET_NAME)";
				SWIFT_EMIT_LOC_STRINGS = YES;
				SWIFT_VERSION = 5.0;
				TARGETED_DEVICE_FAMILY = "1,2";
			};
			name = Debug;
		};
		6D83757029C1B50500D5D1AD /* Release */ = {
			isa = XCBuildConfiguration;
			buildSettings = {
				ASSETCATALOG_COMPILER_APPICON_NAME = AppIcon;
				ASSETCATALOG_COMPILER_GLOBAL_ACCENT_COLOR_NAME = AccentColor;
				CODE_SIGN_STYLE = Automatic;
				CURRENT_PROJECT_VERSION = 1;
				DEVELOPMENT_ASSET_PATHS = "\"Clock/Preview Content\"";
				DEVELOPMENT_TEAM = WE75VTX439;
				ENABLE_PREVIEWS = YES;
				GENERATE_INFOPLIST_FILE = YES;
				INFOPLIST_KEY_UIApplicationSceneManifest_Generation = YES;
				INFOPLIST_KEY_UIApplicationSupportsIndirectInputEvents = YES;
				INFOPLIST_KEY_UILaunchScreen_Generation = YES;
				INFOPLIST_KEY_UISupportedInterfaceOrientations_iPad = "UIInterfaceOrientationPortrait UIInterfaceOrientationPortraitUpsideDown UIInterfaceOrientationLandscapeLeft UIInterfaceOrientationLandscapeRight";
				INFOPLIST_KEY_UISupportedInterfaceOrientations_iPhone = "UIInterfaceOrientationPortrait UIInterfaceOrientationLandscapeLeft UIInterfaceOrientationLandscapeRight";
				LD_RUNPATH_SEARCH_PATHS = (
					"$(inherited)",
					"@executable_path/Frameworks",
				);
				MARKETING_VERSION = 1.0;
				PRODUCT_BUNDLE_IDENTIFIER = jp.tkhr.Clock;
				PRODUCT_NAME = "$(TARGET_NAME)";
				SWIFT_EMIT_LOC_STRINGS = YES;
				SWIFT_VERSION = 5.0;
				TARGETED_DEVICE_FAMILY = "1,2";
			};
			name = Release;
		};
		6D83757229C1B50500D5D1AD /* Debug */ = {
			isa = XCBuildConfiguration;
			buildSettings = {
				ALWAYS_EMBED_SWIFT_STANDARD_LIBRARIES = YES;
				BUNDLE_LOADER = "$(TEST_HOST)";
				CODE_SIGN_STYLE = Automatic;
				CURRENT_PROJECT_VERSION = 1;
				DEVELOPMENT_TEAM = WE75VTX439;
				GENERATE_INFOPLIST_FILE = YES;
				IPHONEOS_DEPLOYMENT_TARGET = 16.2;
				MARKETING_VERSION = 1.0;
				PRODUCT_BUNDLE_IDENTIFIER = jp.tkhr.ClockTests;
				PRODUCT_NAME = "$(TARGET_NAME)";
				SWIFT_EMIT_LOC_STRINGS = NO;
				SWIFT_VERSION = 5.0;
				TARGETED_DEVICE_FAMILY = "1,2";
				TEST_HOST = "$(BUILT_PRODUCTS_DIR)/Clock.app/$(BUNDLE_EXECUTABLE_FOLDER_PATH)/Clock";
			};
			name = Debug;
		};
		6D83757329C1B50500D5D1AD /* Release */ = {
			isa = XCBuildConfiguration;
			buildSettings = {
				ALWAYS_EMBED_SWIFT_STANDARD_LIBRARIES = YES;
				BUNDLE_LOADER = "$(TEST_HOST)";
				CODE_SIGN_STYLE = Automatic;
				CURRENT_PROJECT_VERSION = 1;
				DEVELOPMENT_TEAM = WE75VTX439;
				GENERATE_INFOPLIST_FILE = YES;
				IPHONEOS_DEPLOYMENT_TARGET = 16.2;
				MARKETING_VERSION = 1.0;
				PRODUCT_BUNDLE_IDENTIFIER = jp.tkhr.ClockTests;
				PRODUCT_NAME = "$(TARGET_NAME)";
				SWIFT_EMIT_LOC_STRINGS = NO;
				SWIFT_VERSION = 5.0;
				TARGETED_DEVICE_FAMILY = "1,2";
				TEST_HOST = "$(BUILT_PRODUCTS_DIR)/Clock.app/$(BUNDLE_EXECUTABLE_FOLDER_PATH)/Clock";
			};
			name = Release;
		};
		6D83757529C1B50500D5D1AD /* Debug */ = {
			isa = XCBuildConfiguration;
			buildSettings = {
				ALWAYS_EMBED_SWIFT_STANDARD_LIBRARIES = YES;
				CODE_SIGN_STYLE = Automatic;
				CURRENT_PROJECT_VERSION = 1;
				DEVELOPMENT_TEAM = WE75VTX439;
				GENERATE_INFOPLIST_FILE = YES;
				MARKETING_VERSION = 1.0;
				PRODUCT_BUNDLE_IDENTIFIER = jp.tkhr.ClockUITests;
				PRODUCT_NAME = "$(TARGET_NAME)";
				SWIFT_EMIT_LOC_STRINGS = NO;
				SWIFT_VERSION = 5.0;
				TARGETED_DEVICE_FAMILY = "1,2";
				TEST_TARGET_NAME = Clock;
			};
			name = Debug;
		};
		6D83757629C1B50500D5D1AD /* Release */ = {
			isa = XCBuildConfiguration;
			buildSettings = {
				ALWAYS_EMBED_SWIFT_STANDARD_LIBRARIES = YES;
				CODE_SIGN_STYLE = Automatic;
				CURRENT_PROJECT_VERSION = 1;
				DEVELOPMENT_TEAM = WE75VTX439;
				GENERATE_INFOPLIST_FILE = YES;
				MARKETING_VERSION = 1.0;
				PRODUCT_BUNDLE_IDENTIFIER = jp.tkhr.ClockUITests;
				PRODUCT_NAME = "$(TARGET_NAME)";
				SWIFT_EMIT_LOC_STRINGS = NO;
				SWIFT_VERSION = 5.0;
				TARGETED_DEVICE_FAMILY = "1,2";
				TEST_TARGET_NAME = Clock;
			};
			name = Release;
		};
/* End XCBuildConfiguration section */

/* Begin XCConfigurationList section */
		6D83754029C1B50200D5D1AD /* Build configuration list for PBXProject "Clock" */ = {
			isa = XCConfigurationList;
			buildConfigurations = (
				6D83756C29C1B50500D5D1AD /* Debug */,
				6D83756D29C1B50500D5D1AD /* Release */,
			);
			defaultConfigurationIsVisible = 0;
			defaultConfigurationName = Release;
		};
		6D83756E29C1B50500D5D1AD /* Build configuration list for PBXNativeTarget "Clock" */ = {
			isa = XCConfigurationList;
			buildConfigurations = (
				6D83756F29C1B50500D5D1AD /* Debug */,
				6D83757029C1B50500D5D1AD /* Release */,
			);
			defaultConfigurationIsVisible = 0;
			defaultConfigurationName = Release;
		};
		6D83757129C1B50500D5D1AD /* Build configuration list for PBXNativeTarget "ClockTests" */ = {
			isa = XCConfigurationList;
			buildConfigurations = (
				6D83757229C1B50500D5D1AD /* Debug */,
				6D83757329C1B50500D5D1AD /* Release */,
			);
			defaultConfigurationIsVisible = 0;
			defaultConfigurationName = Release;
		};
		6D83757429C1B50500D5D1AD /* Build configuration list for PBXNativeTarget "ClockUITests" */ = {
			isa = XCConfigurationList;
			buildConfigurations = (
				6D83757529C1B50500D5D1AD /* Debug */,
				6D83757629C1B50500D5D1AD /* Release */,
			);
			defaultConfigurationIsVisible = 0;
			defaultConfigurationName = Release;
		};
/* End XCConfigurationList section */

/* Begin XCVersionGroup section */
		6D83755329C1B50500D5D1AD /* Clock.xcdatamodeld */ = {
			isa = XCVersionGroup;
			children = (
				6D83755429C1B50500D5D1AD /* Clock.xcdatamodel */,
			);
			currentVersion = 6D83755429C1B50500D5D1AD /* Clock.xcdatamodel */;
			path = Clock.xcdatamodeld;
			sourceTree = "<group>";
			versionGroupType = wrapper.xcdatamodel;
		};
/* End XCVersionGroup section */
	};
	rootObject = 6D83753D29C1B50200D5D1AD /* Project object */;
}
